
Microsoft Visual Studio Solution File, Format Version 10.00
# Visual C# Express 2008
Project("{FAE04EC0-301F-11D3-BF4B-00C04F79EFBC}") = "Analysis", "Analysis\Analysis.csproj", "{F454B2B1-89FE-4E63-B5ED-BFB4832EB916}"
EndProject
Global
	GlobalSection(SolutionConfigurationPlatforms) = preSolution
		Debug|Any CPU = Debug|Any CPU
		Release|Any CPU = Release|Any CPU
	EndGlobalSection
	GlobalSection(ProjectConfigurationPlatforms) = postSolution
		{F454B2B1-89FE-4E63-B5ED-BFB4832EB916}.Debug|Any CPU.ActiveCfg = Debug|Any CPU
		{F454B2B1-89FE-4E63-B5ED-BFB4832EB916}.Debug|Any CPU.Build.0 = Debug|Any CPU
		{F454B2B1-89FE-4E63-B5ED-BFB4832EB916}.Release|Any CPU.ActiveCfg = Release|Any CPU
		{F454B2B1-89FE-4E63-B5ED-BFB4832EB916}.Release|Any CPU.Build.0 = Release|Any CPU
	EndGlobalSection
	GlobalSection(SolutionProperties) = preSolution
		HideSolutionNode = FALSE
	EndGlobalSection
EndGlobal
